
Microsoft Visual Studio Solution File, Format Version 12.00
# Visual Studio Version 16
VisualStudioVersion = 16.0.30204.135
MinimumVisualStudioVersion = 10.0.40219.1
Project("{FAE04EC0-301F-11D3-BF4B-00C04F79EFBC}") = "ASPNET_MVC_Datatables", "ASPNET_MVC_Datatables\ASPNET_MVC_Datatables.csproj", "{4F07EEED-2BC3-4994-84A6-97AA295AA91C}"
EndProject
Global
	GlobalSection(SolutionConfigurationPlatforms) = preSolution
		Debug|Any CPU = Debug|Any CPU
		Release|Any CPU = Release|Any CPU
	EndGlobalSection
	GlobalSection(ProjectConfigurationPlatforms) = postSolution
		{4F07EEED-2BC3-4994-84A6-97AA295AA91C}.Debug|Any CPU.ActiveCfg = Debug|Any CPU
		{4F07EEED-2BC3-4994-84A6-97AA295AA91C}.Debug|Any CPU.Build.0 = Debug|Any CPU
		{4F07EEED-2BC3-4994-84A6-97AA295AA91C}.Release|Any CPU.ActiveCfg = Release|Any CPU
		{4F07EEED-2BC3-4994-84A6-97AA295AA91C}.Release|Any CPU.Build.0 = Release|Any CPU
	EndGlobalSection
	GlobalSection(SolutionProperties) = preSolution
		HideSolutionNode = FALSE
	EndGlobalSection
	GlobalSection(ExtensibilityGlobals) = postSolution
		SolutionGuid = {57566CD0-033F-4731-BA41-B5AA59F58B42}
	EndGlobalSection
EndGlobal
